
Microsoft Visual Studio Solution File, Format Version 12.00
# Visual Studio Version 16
VisualStudioVersion = 16.0.33214.272
MinimumVisualStudioVersion = 10.0.40219.1
Project("{FAE04EC0-301F-11D3-BF4B-00C04F79EFBC}") = "Robot_Grebenukov", "Robot_Grebenukov.csproj", "{F420DF90-339A-4377-8F78-E243AD3B4DFC}"
EndProject
Global
	GlobalSection(SolutionConfigurationPlatforms) = preSolution
		Debug|Any CPU = Debug|Any CPU
		Release|Any CPU = Release|Any CPU
	EndGlobalSection
	GlobalSection(ProjectConfigurationPlatforms) = postSolution
		{F420DF90-339A-4377-8F78-E243AD3B4DFC}.Debug|Any CPU.ActiveCfg = Debug|Any CPU
		{F420DF90-339A-4377-8F78-E243AD3B4DFC}.Debug|Any CPU.Build.0 = Debug|Any CPU
		{F420DF90-339A-4377-8F78-E243AD3B4DFC}.Release|Any CPU.ActiveCfg = Release|Any CPU
		{F420DF90-339A-4377-8F78-E243AD3B4DFC}.Release|Any CPU.Build.0 = Release|Any CPU
	EndGlobalSection
	GlobalSection(SolutionProperties) = preSolution
		HideSolutionNode = FALSE
	EndGlobalSection
	GlobalSection(ExtensibilityGlobals) = postSolution
		SolutionGuid = {13574671-3220-4724-9DBD-C690A092FDD0}
	EndGlobalSection
EndGlobal
